// !$*UTF8*$!
{
	archiveVersion = 1;
	classes = {
	};
	objectVersion = 46;
	objects = {
/* Begin PBXBuildFile section */
		00E356F31AD99517003FC87E /* pauzrappTests.m in Sources */ = {isa = PBXBuildFile; fileRef = 00E356F21AD99517003FC87E /* pauzrappTests.m */; };
		13B07FBC1A68108700A75B9A /* AppDelegate.m in Sources */ = {isa = PBXBuildFile; fileRef = 13B07FB01A68108700A75B9A /* AppDelegate.m */; };
		13B07FBD1A68108700A75B9A /* LaunchScreen.xib in Resources */ = {isa = PBXBuildFile; fileRef = 13B07FB11A68108700A75B9A /* LaunchScreen.xib */; };
		13B07FBF1A68108700A75B9A /* Images.xcassets in Resources */ = {isa = PBXBuildFile; fileRef = 13B07FB51A68108700A75B9A /* Images.xcassets */; };
		13B07FC11A68108700A75B9A /* main.m in Sources */ = {isa = PBXBuildFile; fileRef = 13B07FB71A68108700A75B9A /* main.m */; };
		2D02E4BC1E0B4A80006451C7 /* AppDelegate.m in Sources */ = {isa = PBXBuildFile; fileRef = 13B07FB01A68108700A75B9A /* AppDelegate.m */; };
		2D02E4BD1E0B4A84006451C7 /* Images.xcassets in Resources */ = {isa = PBXBuildFile; fileRef = 13B07FB51A68108700A75B9A /* Images.xcassets */; };
		2D02E4BF1E0B4AB3006451C7 /* main.m in Sources */ = {isa = PBXBuildFile; fileRef = 13B07FB71A68108700A75B9A /* main.m */; };
		2DCD954D1E0B4F2C00145EB5 /* pauzrappTests.m in Sources */ = {isa = PBXBuildFile; fileRef = 00E356F21AD99517003FC87E /* pauzrappTests.m */; };
		2FB438889B98648A651B841D /* libPods-pauzrapp.a in Frameworks */ = {isa = PBXBuildFile; fileRef = 376C7666F99F2E8B8729EB04 /* libPods-pauzrapp.a */; };
		349B9D4A369DBBFCD6FECF9A /* libPods-pauzrapp-tvOS.a in Frameworks */ = {isa = PBXBuildFile; fileRef = 6269456626EE9CC0E4CE77EB /* libPods-pauzrapp-tvOS.a */; };
		3DAF8DE8D89C73B29B8C7B66 /* libPods-pauzrapp-tvOSTests.a in Frameworks */ = {isa = PBXBuildFile; fileRef = 39CB60C697C3A4F69A3BF8B9 /* libPods-pauzrapp-tvOSTests.a */; };
		47D18CDA06EC9A247543A6DA /* libPods-pauzrappTests.a in Frameworks */ = {isa = PBXBuildFile; fileRef = 257A9C8C7DDF18B5E29FF3B0 /* libPods-pauzrappTests.a */; };
		1ABD9788348E4462B9B7DB22 /* Digital7-Italic.ttf in Resources */ = {isa = PBXBuildFile; fileRef = E55548AE0AB44EE0B53DDD43 /* Digital7-Italic.ttf */; };
		9FE5DF0166A14EE8A6E7F94D /* Digital7-Mono.ttf in Resources */ = {isa = PBXBuildFile; fileRef = 91EB6037F90F4560B073A6F9 /* Digital7-Mono.ttf */; };
		1C558CAEC7A2404BB6647F97 /* Digital7-MonoItalic.ttf in Resources */ = {isa = PBXBuildFile; fileRef = 414D1D2E30974AE5B7CF1A1D /* Digital7-MonoItalic.ttf */; };
		445B26AAA7374C5F887E08A0 /* Digital7.ttf in Resources */ = {isa = PBXBuildFile; fileRef = 547C8F90B4BE481DBE550350 /* Digital7.ttf */; };
		885B39E846C946C48B9E859E /* TitilliumWeb-Black.ttf in Resources */ = {isa = PBXBuildFile; fileRef = 8EC1980ED8D5496B895FEFC9 /* TitilliumWeb-Black.ttf */; };
		0C96D9AE74DB40769A64AD65 /* TitilliumWeb-Bold.ttf in Resources */ = {isa = PBXBuildFile; fileRef = F7F4B6BCDF1C4005B5F3AE49 /* TitilliumWeb-Bold.ttf */; };
		00F7E11240B748D0B5A48B96 /* TitilliumWeb-BoldItalic.ttf in Resources */ = {isa = PBXBuildFile; fileRef = 68663C47836E42ACBAA828E9 /* TitilliumWeb-BoldItalic.ttf */; };
		2015E981B88547B7B161CD8B /* TitilliumWeb-ExtraLight.ttf in Resources */ = {isa = PBXBuildFile; fileRef = 57C1D46983934B529C5D314B /* TitilliumWeb-ExtraLight.ttf */; };
		8F968E7005834C3C8E84499A /* TitilliumWeb-ExtraLightItalic.ttf in Resources */ = {isa = PBXBuildFile; fileRef = A550930F0BF546C8BE34D958 /* TitilliumWeb-ExtraLightItalic.ttf */; };
		0FFF0AABB6C049188D48B986 /* TitilliumWeb-Italic.ttf in Resources */ = {isa = PBXBuildFile; fileRef = BAFE79BFF96A4433B80F8995 /* TitilliumWeb-Italic.ttf */; };
		A1B92C7C79294836871C89CA /* TitilliumWeb-Light.ttf in Resources */ = {isa = PBXBuildFile; fileRef = B1EAB6316D7647F0A68D9EE9 /* TitilliumWeb-Light.ttf */; };
		BF4F0EB7E1ED42CABDF5FFD6 /* TitilliumWeb-LightItalic.ttf in Resources */ = {isa = PBXBuildFile; fileRef = FABC1034EB2747F3AF69917F /* TitilliumWeb-LightItalic.ttf */; };
		492433751B524B41AAE3FAAB /* TitilliumWeb-Regular.ttf in Resources */ = {isa = PBXBuildFile; fileRef = 0178960F36CC42768FCA9ACE /* TitilliumWeb-Regular.ttf */; };
		8F04C7BDF25A4C5B8A85140B /* TitilliumWeb-SemiBold.ttf in Resources */ = {isa = PBXBuildFile; fileRef = A3AC9BCAF5D74AE6A7EAAA85 /* TitilliumWeb-SemiBold.ttf */; };
		9B7CB65DB74449388E5663FC /* TitilliumWeb-SemiBoldItalic.ttf in Resources */ = {isa = PBXBuildFile; fileRef = 548AE1030AFD4D1C82C70409 /* TitilliumWeb-SemiBoldItalic.ttf */; };
		9BB45AACC4FE4442A48D0D84 /* AntDesign.ttf in Resources */ = {isa = PBXBuildFile; fileRef = F0A5BB04BFB94B2D918DA7EF /* AntDesign.ttf */; };
		43C66B8B32B24EE2B7C3ED2C /* Entypo.ttf in Resources */ = {isa = PBXBuildFile; fileRef = 98EDA8D0FDA04FF68A3E1132 /* Entypo.ttf */; };
		BDC5D42B2B154BDA8ABBA11B /* EvilIcons.ttf in Resources */ = {isa = PBXBuildFile; fileRef = AD24FE5E3F59438EBE8F95D8 /* EvilIcons.ttf */; };
		A8B79EA652CA41238C159833 /* Feather.ttf in Resources */ = {isa = PBXBuildFile; fileRef = 7587F507672046CF8ACBD747 /* Feather.ttf */; };
		CD88760E6A9140CB86D5F695 /* FontAwesome.ttf in Resources */ = {isa = PBXBuildFile; fileRef = 05B70E60156E4993B3827C6D /* FontAwesome.ttf */; };
		A8F28CD09CA04B8E89C04F65 /* FontAwesome5_Brands.ttf in Resources */ = {isa = PBXBuildFile; fileRef = D83183B20BBF4AB4B2F9676F /* FontAwesome5_Brands.ttf */; };
		9E76EE00D89B4261813C114A /* FontAwesome5_Regular.ttf in Resources */ = {isa = PBXBuildFile; fileRef = DE2F1E9B8DC74BF9B13A2C89 /* FontAwesome5_Regular.ttf */; };
		DA772D4D8E834516A4679DA2 /* FontAwesome5_Solid.ttf in Resources */ = {isa = PBXBuildFile; fileRef = C82A5492654340D88B34CBDA /* FontAwesome5_Solid.ttf */; };
		BB84F220D49A4F0082883911 /* Foundation.ttf in Resources */ = {isa = PBXBuildFile; fileRef = 50D8FF357E6842408C821981 /* Foundation.ttf */; };
		D84C42A1F3F54F35A39CB9F4 /* Ionicons.ttf in Resources */ = {isa = PBXBuildFile; fileRef = 7317460231524C0FB2034A4C /* Ionicons.ttf */; };
		4A7A44776328454989ECE719 /* MaterialCommunityIcons.ttf in Resources */ = {isa = PBXBuildFile; fileRef = C6740600F3D646118E6626ED /* MaterialCommunityIcons.ttf */; };
		407524AEF0274EB787F8C52F /* MaterialIcons.ttf in Resources */ = {isa = PBXBuildFile; fileRef = 5C1D7D1831154AB29CA034F7 /* MaterialIcons.ttf */; };
		4E03FFCAB50E4309B7E8F52A /* Octicons.ttf in Resources */ = {isa = PBXBuildFile; fileRef = E6C2E7B2AA6747EA9128A19B /* Octicons.ttf */; };
		C2786A2391E64056AFF995D2 /* Roboto_medium.ttf in Resources */ = {isa = PBXBuildFile; fileRef = E893DCFC26F341D4AB864FD6 /* Roboto_medium.ttf */; };
		C5A875D6B7C44D0998635DD5 /* Roboto.ttf in Resources */ = {isa = PBXBuildFile; fileRef = C7C346B754B349A2A7490C73 /* Roboto.ttf */; };
		C195C09E6B25414086735529 /* rubicon-icon-font.ttf in Resources */ = {isa = PBXBuildFile; fileRef = 464C8CB2299D4E118EA304A9 /* rubicon-icon-font.ttf */; };
		55F98745481641F7B41170EF /* SimpleLineIcons.ttf in Resources */ = {isa = PBXBuildFile; fileRef = C3961274BB4747C497DBA148 /* SimpleLineIcons.ttf */; };
		2421FB22592E4E49A3E1C30A /* Zocial.ttf in Resources */ = {isa = PBXBuildFile; fileRef = 422337580BCD4412BAFE8356 /* Zocial.ttf */; };
		CEA57E65691441EB8BB4DE98 /* AntDesign.ttf in Resources */ = {isa = PBXBuildFile; fileRef = 17E9E54A18C247D7A1570547 /* AntDesign.ttf */; };
		52CD178DDAEE49EA8E6012B7 /* Entypo.ttf in Resources */ = {isa = PBXBuildFile; fileRef = B99B2D8C3BE14FB19178B39F /* Entypo.ttf */; };
		BFBAD2118778495E91E70A1B /* EvilIcons.ttf in Resources */ = {isa = PBXBuildFile; fileRef = CBD2379C848B4348B801692D /* EvilIcons.ttf */; };
		1D3171D7D4D04374A7DC620D /* Feather.ttf in Resources */ = {isa = PBXBuildFile; fileRef = E7029974C4134865B1015249 /* Feather.ttf */; };
		B83D9AE81F5F4012917E9768 /* FontAwesome.ttf in Resources */ = {isa = PBXBuildFile; fileRef = 6A104FCE25544A169DC42BFA /* FontAwesome.ttf */; };
		349FC8B2160049E997F6E6A3 /* FontAwesome5_Brands.ttf in Resources */ = {isa = PBXBuildFile; fileRef = F28974CE3A2F4798BF1FE6E8 /* FontAwesome5_Brands.ttf */; };
		52BDF03F1169444B97D54BE8 /* FontAwesome5_Regular.ttf in Resources */ = {isa = PBXBuildFile; fileRef = 5CC255D3BEAB415EAA88331E /* FontAwesome5_Regular.ttf */; };
		6B52803085E04FE1A1E3C5CE /* FontAwesome5_Solid.ttf in Resources */ = {isa = PBXBuildFile; fileRef = DEDA757717B14049B81E9318 /* FontAwesome5_Solid.ttf */; };
		5DEA95A13B0B483285930547 /* Fontisto.ttf in Resources */ = {isa = PBXBuildFile; fileRef = FD95CC54E66F4C1682618714 /* Fontisto.ttf */; };
		EA7BC575CAB3459DBCBDE1C4 /* Foundation.ttf in Resources */ = {isa = PBXBuildFile; fileRef = 327BA875A1AD457291DB4500 /* Foundation.ttf */; };
		4510CC1BFDBD492983403ECF /* Ionicons.ttf in Resources */ = {isa = PBXBuildFile; fileRef = A7B71F452809413295E8A141 /* Ionicons.ttf */; };
		CB7A9D3557D9411E84F15EF1 /* MaterialCommunityIcons.ttf in Resources */ = {isa = PBXBuildFile; fileRef = 112B323192534E9A81637EAC /* MaterialCommunityIcons.ttf */; };
		4DED6B3AE3BA46CA833B0EF7 /* MaterialIcons.ttf in Resources */ = {isa = PBXBuildFile; fileRef = 6E4A339F23A5462C8C3CCBA0 /* MaterialIcons.ttf */; };
		41773DA8385A4522B911A5FE /* Octicons.ttf in Resources */ = {isa = PBXBuildFile; fileRef = 7AD3B154EB964940AFE3C12A /* Octicons.ttf */; };
		50C788A22A404ABB8899962D /* SimpleLineIcons.ttf in Resources */ = {isa = PBXBuildFile; fileRef = 4240F32A99994FBB816FDC4F /* SimpleLineIcons.ttf */; };
		764362719E694297836B51F8 /* Zocial.ttf in Resources */ = {isa = PBXBuildFile; fileRef = 7AE9EA3B9517462CA0BE9A51 /* Zocial.ttf */; };
/* End PBXBuildFile section */

/* Begin PBXContainerItemProxy section */
		00E356F41AD99517003FC87E /* PBXContainerItemProxy */ = {
			isa = PBXContainerItemProxy;
			containerPortal = 83CBB9F71A601CBA00E9B192 /* Project object */;
			proxyType = 1;
			remoteGlobalIDString = 13B07F861A680F5B00A75B9A;
			remoteInfo = pauzrapp;
		};
		2D02E4911E0B4A5D006451C7 /* PBXContainerItemProxy */ = {
			isa = PBXContainerItemProxy;
			containerPortal = 83CBB9F71A601CBA00E9B192 /* Project object */;
			proxyType = 1;
			remoteGlobalIDString = 2D02E47A1E0B4A5D006451C7;
			remoteInfo = "pauzrapp-tvOS";
		};
/* End PBXContainerItemProxy section */

/* Begin PBXFileReference section */
		008F07F21AC5B25A0029DE68 /* main.jsbundle */ = {isa = PBXFileReference; fileEncoding = 4; lastKnownFileType = text; path = main.jsbundle; sourceTree = "<group>"; };
		00E356EE1AD99517003FC87E /* pauzrappTests.xctest */ = {isa = PBXFileReference; explicitFileType = wrapper.cfbundle; includeInIndex = 0; path = pauzrappTests.xctest; sourceTree = BUILT_PRODUCTS_DIR; };
		00E356F11AD99517003FC87E /* Info.plist */ = {isa = PBXFileReference; lastKnownFileType = text.plist.xml; path = Info.plist; sourceTree = "<group>"; };
		00E356F21AD99517003FC87E /* pauzrappTests.m */ = {isa = PBXFileReference; lastKnownFileType = sourcecode.c.objc; path = pauzrappTests.m; sourceTree = "<group>"; };
		066FE2CD1F3EA0A41EB77790 /* Pods-pauzrappTests.debug.xcconfig */ = {isa = PBXFileReference; includeInIndex = 1; lastKnownFileType = text.xcconfig; name = "Pods-pauzrappTests.debug.xcconfig"; path = "Target Support Files/Pods-pauzrappTests/Pods-pauzrappTests.debug.xcconfig"; sourceTree = "<group>"; };
		13B07F961A680F5B00A75B9A /* pauzrapp.app */ = {isa = PBXFileReference; explicitFileType = wrapper.application; includeInIndex = 0; path = pauzrapp.app; sourceTree = BUILT_PRODUCTS_DIR; };
		13B07FAF1A68108700A75B9A /* AppDelegate.h */ = {isa = PBXFileReference; fileEncoding = 4; lastKnownFileType = sourcecode.c.h; name = AppDelegate.h; path = pauzrapp/AppDelegate.h; sourceTree = "<group>"; };
		13B07FB01A68108700A75B9A /* AppDelegate.m */ = {isa = PBXFileReference; fileEncoding = 4; lastKnownFileType = sourcecode.c.objc; name = AppDelegate.m; path = pauzrapp/AppDelegate.m; sourceTree = "<group>"; };
		13B07FB21A68108700A75B9A /* Base */ = {isa = PBXFileReference; lastKnownFileType = file.xib; name = Base; path = Base.lproj/LaunchScreen.xib; sourceTree = "<group>"; };
		13B07FB51A68108700A75B9A /* Images.xcassets */ = {isa = PBXFileReference; lastKnownFileType = folder.assetcatalog; name = Images.xcassets; path = pauzrapp/Images.xcassets; sourceTree = "<group>"; };
		13B07FB61A68108700A75B9A /* Info.plist */ = {isa = PBXFileReference; fileEncoding = 4; lastKnownFileType = text.plist.xml; name = Info.plist; path = pauzrapp/Info.plist; sourceTree = "<group>"; };
		13B07FB71A68108700A75B9A /* main.m */ = {isa = PBXFileReference; fileEncoding = 4; lastKnownFileType = sourcecode.c.objc; name = main.m; path = pauzrapp/main.m; sourceTree = "<group>"; };
		257A9C8C7DDF18B5E29FF3B0 /* libPods-pauzrappTests.a */ = {isa = PBXFileReference; explicitFileType = archive.ar; includeInIndex = 0; path = "libPods-pauzrappTests.a"; sourceTree = BUILT_PRODUCTS_DIR; };
		2D02E47B1E0B4A5D006451C7 /* pauzrapp-tvOS.app */ = {isa = PBXFileReference; explicitFileType = wrapper.application; includeInIndex = 0; path = "pauzrapp-tvOS.app"; sourceTree = BUILT_PRODUCTS_DIR; };
		2D02E4901E0B4A5D006451C7 /* pauzrapp-tvOSTests.xctest */ = {isa = PBXFileReference; explicitFileType = wrapper.cfbundle; includeInIndex = 0; path = "pauzrapp-tvOSTests.xctest"; sourceTree = BUILT_PRODUCTS_DIR; };
		33D9BF85671A682B12688063 /* Pods-pauzrapp-tvOS.debug.xcconfig */ = {isa = PBXFileReference; includeInIndex = 1; lastKnownFileType = text.xcconfig; name = "Pods-pauzrapp-tvOS.debug.xcconfig"; path = "Target Support Files/Pods-pauzrapp-tvOS/Pods-pauzrapp-tvOS.debug.xcconfig"; sourceTree = "<group>"; };
		376C7666F99F2E8B8729EB04 /* libPods-pauzrapp.a */ = {isa = PBXFileReference; explicitFileType = archive.ar; includeInIndex = 0; path = "libPods-pauzrapp.a"; sourceTree = BUILT_PRODUCTS_DIR; };
		39CB60C697C3A4F69A3BF8B9 /* libPods-pauzrapp-tvOSTests.a */ = {isa = PBXFileReference; explicitFileType = archive.ar; includeInIndex = 0; path = "libPods-pauzrapp-tvOSTests.a"; sourceTree = BUILT_PRODUCTS_DIR; };
		4A2FCE3BB89574DECE4FF04D /* Pods-pauzrapp-tvOSTests.release.xcconfig */ = {isa = PBXFileReference; includeInIndex = 1; lastKnownFileType = text.xcconfig; name = "Pods-pauzrapp-tvOSTests.release.xcconfig"; path = "Target Support Files/Pods-pauzrapp-tvOSTests/Pods-pauzrapp-tvOSTests.release.xcconfig"; sourceTree = "<group>"; };
		6269456626EE9CC0E4CE77EB /* libPods-pauzrapp-tvOS.a */ = {isa = PBXFileReference; explicitFileType = archive.ar; includeInIndex = 0; path = "libPods-pauzrapp-tvOS.a"; sourceTree = BUILT_PRODUCTS_DIR; };
		8F3C35356C655D4A365D0A76 /* Pods-pauzrapp-tvOSTests.debug.xcconfig */ = {isa = PBXFileReference; includeInIndex = 1; lastKnownFileType = text.xcconfig; name = "Pods-pauzrapp-tvOSTests.debug.xcconfig"; path = "Target Support Files/Pods-pauzrapp-tvOSTests/Pods-pauzrapp-tvOSTests.debug.xcconfig"; sourceTree = "<group>"; };
		A871DBEF8B970178947FD225 /* Pods-pauzrapp.debug.xcconfig */ = {isa = PBXFileReference; includeInIndex = 1; lastKnownFileType = text.xcconfig; name = "Pods-pauzrapp.debug.xcconfig"; path = "Target Support Files/Pods-pauzrapp/Pods-pauzrapp.debug.xcconfig"; sourceTree = "<group>"; };
		B8A2095001E8EBC2EC9734F4 /* Pods-pauzrappTests.release.xcconfig */ = {isa = PBXFileReference; includeInIndex = 1; lastKnownFileType = text.xcconfig; name = "Pods-pauzrappTests.release.xcconfig"; path = "Target Support Files/Pods-pauzrappTests/Pods-pauzrappTests.release.xcconfig"; sourceTree = "<group>"; };
		BC86CB7E581105D231283BCE /* Pods-pauzrapp.release.xcconfig */ = {isa = PBXFileReference; includeInIndex = 1; lastKnownFileType = text.xcconfig; name = "Pods-pauzrapp.release.xcconfig"; path = "Target Support Files/Pods-pauzrapp/Pods-pauzrapp.release.xcconfig"; sourceTree = "<group>"; };
		E504754CE21B68038F86CAAF /* Pods-pauzrapp-tvOS.release.xcconfig */ = {isa = PBXFileReference; includeInIndex = 1; lastKnownFileType = text.xcconfig; name = "Pods-pauzrapp-tvOS.release.xcconfig"; path = "Target Support Files/Pods-pauzrapp-tvOS/Pods-pauzrapp-tvOS.release.xcconfig"; sourceTree = "<group>"; };
		ED297162215061F000B7C4FE /* JavaScriptCore.framework */ = {isa = PBXFileReference; lastKnownFileType = wrapper.framework; name = JavaScriptCore.framework; path = System/Library/Frameworks/JavaScriptCore.framework; sourceTree = SDKROOT; };
		ED2971642150620600B7C4FE /* JavaScriptCore.framework */ = {isa = PBXFileReference; lastKnownFileType = wrapper.framework; name = JavaScriptCore.framework; path = Platforms/AppleTVOS.platform/Developer/SDKs/AppleTVOS12.0.sdk/System/Library/Frameworks/JavaScriptCore.framework; sourceTree = DEVELOPER_DIR; };
		E55548AE0AB44EE0B53DDD43 /* Digital7-Italic.ttf */ = {isa = PBXFileReference; name = "Digital7-Italic.ttf"; path = "../assets/fonts/Digital7-Italic.ttf"; sourceTree = "<group>"; fileEncoding = undefined; lastKnownFileType = unknown; explicitFileType = undefined; includeInIndex = 0; };
		91EB6037F90F4560B073A6F9 /* Digital7-Mono.ttf */ = {isa = PBXFileReference; name = "Digital7-Mono.ttf"; path = "../assets/fonts/Digital7-Mono.ttf"; sourceTree = "<group>"; fileEncoding = undefined; lastKnownFileType = unknown; explicitFileType = undefined; includeInIndex = 0; };
		414D1D2E30974AE5B7CF1A1D /* Digital7-MonoItalic.ttf */ = {isa = PBXFileReference; name = "Digital7-MonoItalic.ttf"; path = "../assets/fonts/Digital7-MonoItalic.ttf"; sourceTree = "<group>"; fileEncoding = undefined; lastKnownFileType = unknown; explicitFileType = undefined; includeInIndex = 0; };
		547C8F90B4BE481DBE550350 /* Digital7.ttf */ = {isa = PBXFileReference; name = "Digital7.ttf"; path = "../assets/fonts/Digital7.ttf"; sourceTree = "<group>"; fileEncoding = undefined; lastKnownFileType = unknown; explicitFileType = undefined; includeInIndex = 0; };
		8EC1980ED8D5496B895FEFC9 /* TitilliumWeb-Black.ttf */ = {isa = PBXFileReference; name = "TitilliumWeb-Black.ttf"; path = "../assets/fonts/TitilliumWeb-Black.ttf"; sourceTree = "<group>"; fileEncoding = undefined; lastKnownFileType = unknown; explicitFileType = undefined; includeInIndex = 0; };
		F7F4B6BCDF1C4005B5F3AE49 /* TitilliumWeb-Bold.ttf */ = {isa = PBXFileReference; name = "TitilliumWeb-Bold.ttf"; path = "../assets/fonts/TitilliumWeb-Bold.ttf"; sourceTree = "<group>"; fileEncoding = undefined; lastKnownFileType = unknown; explicitFileType = undefined; includeInIndex = 0; };
		68663C47836E42ACBAA828E9 /* TitilliumWeb-BoldItalic.ttf */ = {isa = PBXFileReference; name = "TitilliumWeb-BoldItalic.ttf"; path = "../assets/fonts/TitilliumWeb-BoldItalic.ttf"; sourceTree = "<group>"; fileEncoding = undefined; lastKnownFileType = unknown; explicitFileType = undefined; includeInIndex = 0; };
		57C1D46983934B529C5D314B /* TitilliumWeb-ExtraLight.ttf */ = {isa = PBXFileReference; name = "TitilliumWeb-ExtraLight.ttf"; path = "../assets/fonts/TitilliumWeb-ExtraLight.ttf"; sourceTree = "<group>"; fileEncoding = undefined; lastKnownFileType = unknown; explicitFileType = undefined; includeInIndex = 0; };
		A550930F0BF546C8BE34D958 /* TitilliumWeb-ExtraLightItalic.ttf */ = {isa = PBXFileReference; name = "TitilliumWeb-ExtraLightItalic.ttf"; path = "../assets/fonts/TitilliumWeb-ExtraLightItalic.ttf"; sourceTree = "<group>"; fileEncoding = undefined; lastKnownFileType = unknown; explicitFileType = undefined; includeInIndex = 0; };
		BAFE79BFF96A4433B80F8995 /* TitilliumWeb-Italic.ttf */ = {isa = PBXFileReference; name = "TitilliumWeb-Italic.ttf"; path = "../assets/fonts/TitilliumWeb-Italic.ttf"; sourceTree = "<group>"; fileEncoding = undefined; lastKnownFileType = unknown; explicitFileType = undefined; includeInIndex = 0; };
		B1EAB6316D7647F0A68D9EE9 /* TitilliumWeb-Light.ttf */ = {isa = PBXFileReference; name = "TitilliumWeb-Light.ttf"; path = "../assets/fonts/TitilliumWeb-Light.ttf"; sourceTree = "<group>"; fileEncoding = undefined; lastKnownFileType = unknown; explicitFileType = undefined; includeInIndex = 0; };
		FABC1034EB2747F3AF69917F /* TitilliumWeb-LightItalic.ttf */ = {isa = PBXFileReference; name = "TitilliumWeb-LightItalic.ttf"; path = "../assets/fonts/TitilliumWeb-LightItalic.ttf"; sourceTree = "<group>"; fileEncoding = undefined; lastKnownFileType = unknown; explicitFileType = undefined; includeInIndex = 0; };
		0178960F36CC42768FCA9ACE /* TitilliumWeb-Regular.ttf */ = {isa = PBXFileReference; name = "TitilliumWeb-Regular.ttf"; path = "../assets/fonts/TitilliumWeb-Regular.ttf"; sourceTree = "<group>"; fileEncoding = undefined; lastKnownFileType = unknown; explicitFileType = undefined; includeInIndex = 0; };
		A3AC9BCAF5D74AE6A7EAAA85 /* TitilliumWeb-SemiBold.ttf */ = {isa = PBXFileReference; name = "TitilliumWeb-SemiBold.ttf"; path = "../assets/fonts/TitilliumWeb-SemiBold.ttf"; sourceTree = "<group>"; fileEncoding = undefined; lastKnownFileType = unknown; explicitFileType = undefined; includeInIndex = 0; };
		548AE1030AFD4D1C82C70409 /* TitilliumWeb-SemiBoldItalic.ttf */ = {isa = PBXFileReference; name = "TitilliumWeb-SemiBoldItalic.ttf"; path = "../assets/fonts/TitilliumWeb-SemiBoldItalic.ttf"; sourceTree = "<group>"; fileEncoding = undefined; lastKnownFileType = unknown; explicitFileType = undefined; includeInIndex = 0; };
		F0A5BB04BFB94B2D918DA7EF /* AntDesign.ttf */ = {isa = PBXFileReference; name = "AntDesign.ttf"; path = "../node_modules/native-base/Fonts/AntDesign.ttf"; sourceTree = "<group>"; fileEncoding = undefined; lastKnownFileType = unknown; explicitFileType = undefined; includeInIndex = 0; };
		98EDA8D0FDA04FF68A3E1132 /* Entypo.ttf */ = {isa = PBXFileReference; name = "Entypo.ttf"; path = "../node_modules/native-base/Fonts/Entypo.ttf"; sourceTree = "<group>"; fileEncoding = undefined; lastKnownFileType = unknown; explicitFileType = undefined; includeInIndex = 0; };
		AD24FE5E3F59438EBE8F95D8 /* EvilIcons.ttf */ = {isa = PBXFileReference; name = "EvilIcons.ttf"; path = "../node_modules/native-base/Fonts/EvilIcons.ttf"; sourceTree = "<group>"; fileEncoding = undefined; lastKnownFileType = unknown; explicitFileType = undefined; includeInIndex = 0; };
		7587F507672046CF8ACBD747 /* Feather.ttf */ = {isa = PBXFileReference; name = "Feather.ttf"; path = "../node_modules/native-base/Fonts/Feather.ttf"; sourceTree = "<group>"; fileEncoding = undefined; lastKnownFileType = unknown; explicitFileType = undefined; includeInIndex = 0; };
		05B70E60156E4993B3827C6D /* FontAwesome.ttf */ = {isa = PBXFileReference; name = "FontAwesome.ttf"; path = "../node_modules/native-base/Fonts/FontAwesome.ttf"; sourceTree = "<group>"; fileEncoding = undefined; lastKnownFileType = unknown; explicitFileType = undefined; includeInIndex = 0; };
		D83183B20BBF4AB4B2F9676F /* FontAwesome5_Brands.ttf */ = {isa = PBXFileReference; name = "FontAwesome5_Brands.ttf"; path = "../node_modules/native-base/Fonts/FontAwesome5_Brands.ttf"; sourceTree = "<group>"; fileEncoding = undefined; lastKnownFileType = unknown; explicitFileType = undefined; includeInIndex = 0; };
		DE2F1E9B8DC74BF9B13A2C89 /* FontAwesome5_Regular.ttf */ = {isa = PBXFileReference; name = "FontAwesome5_Regular.ttf"; path = "../node_modules/native-base/Fonts/FontAwesome5_Regular.ttf"; sourceTree = "<group>"; fileEncoding = undefined; lastKnownFileType = unknown; explicitFileType = undefined; includeInIndex = 0; };
		C82A5492654340D88B34CBDA /* FontAwesome5_Solid.ttf */ = {isa = PBXFileReference; name = "FontAwesome5_Solid.ttf"; path = "../node_modules/native-base/Fonts/FontAwesome5_Solid.ttf"; sourceTree = "<group>"; fileEncoding = undefined; lastKnownFileType = unknown; explicitFileType = undefined; includeInIndex = 0; };
		50D8FF357E6842408C821981 /* Foundation.ttf */ = {isa = PBXFileReference; name = "Foundation.ttf"; path = "../node_modules/native-base/Fonts/Foundation.ttf"; sourceTree = "<group>"; fileEncoding = undefined; lastKnownFileType = unknown; explicitFileType = undefined; includeInIndex = 0; };
		7317460231524C0FB2034A4C /* Ionicons.ttf */ = {isa = PBXFileReference; name = "Ionicons.ttf"; path = "../node_modules/native-base/Fonts/Ionicons.ttf"; sourceTree = "<group>"; fileEncoding = undefined; lastKnownFileType = unknown; explicitFileType = undefined; includeInIndex = 0; };
		C6740600F3D646118E6626ED /* MaterialCommunityIcons.ttf */ = {isa = PBXFileReference; name = "MaterialCommunityIcons.ttf"; path = "../node_modules/native-base/Fonts/MaterialCommunityIcons.ttf"; sourceTree = "<group>"; fileEncoding = undefined; lastKnownFileType = unknown; explicitFileType = undefined; includeInIndex = 0; };
		5C1D7D1831154AB29CA034F7 /* MaterialIcons.ttf */ = {isa = PBXFileReference; name = "MaterialIcons.ttf"; path = "../node_modules/native-base/Fonts/MaterialIcons.ttf"; sourceTree = "<group>"; fileEncoding = undefined; lastKnownFileType = unknown; explicitFileType = undefined; includeInIndex = 0; };
		E6C2E7B2AA6747EA9128A19B /* Octicons.ttf */ = {isa = PBXFileReference; name = "Octicons.ttf"; path = "../node_modules/native-base/Fonts/Octicons.ttf"; sourceTree = "<group>"; fileEncoding = undefined; lastKnownFileType = unknown; explicitFileType = undefined; includeInIndex = 0; };
		E893DCFC26F341D4AB864FD6 /* Roboto_medium.ttf */ = {isa = PBXFileReference; name = "Roboto_medium.ttf"; path = "../node_modules/native-base/Fonts/Roboto_medium.ttf"; sourceTree = "<group>"; fileEncoding = undefined; lastKnownFileType = unknown; explicitFileType = undefined; includeInIndex = 0; };
		C7C346B754B349A2A7490C73 /* Roboto.ttf */ = {isa = PBXFileReference; name = "Roboto.ttf"; path = "../node_modules/native-base/Fonts/Roboto.ttf"; sourceTree = "<group>"; fileEncoding = undefined; lastKnownFileType = unknown; explicitFileType = undefined; includeInIndex = 0; };
		464C8CB2299D4E118EA304A9 /* rubicon-icon-font.ttf */ = {isa = PBXFileReference; name = "rubicon-icon-font.ttf"; path = "../node_modules/native-base/Fonts/rubicon-icon-font.ttf"; sourceTree = "<group>"; fileEncoding = undefined; lastKnownFileType = unknown; explicitFileType = undefined; includeInIndex = 0; };
		C3961274BB4747C497DBA148 /* SimpleLineIcons.ttf */ = {isa = PBXFileReference; name = "SimpleLineIcons.ttf"; path = "../node_modules/native-base/Fonts/SimpleLineIcons.ttf"; sourceTree = "<group>"; fileEncoding = undefined; lastKnownFileType = unknown; explicitFileType = undefined; includeInIndex = 0; };
		422337580BCD4412BAFE8356 /* Zocial.ttf */ = {isa = PBXFileReference; name = "Zocial.ttf"; path = "../node_modules/native-base/Fonts/Zocial.ttf"; sourceTree = "<group>"; fileEncoding = undefined; lastKnownFileType = unknown; explicitFileType = undefined; includeInIndex = 0; };
		17E9E54A18C247D7A1570547 /* AntDesign.ttf */ = {isa = PBXFileReference; name = "AntDesign.ttf"; path = "../node_modules/react-native-vector-icons/Fonts/AntDesign.ttf"; sourceTree = "<group>"; fileEncoding = undefined; lastKnownFileType = unknown; explicitFileType = undefined; includeInIndex = 0; };
		B99B2D8C3BE14FB19178B39F /* Entypo.ttf */ = {isa = PBXFileReference; name = "Entypo.ttf"; path = "../node_modules/react-native-vector-icons/Fonts/Entypo.ttf"; sourceTree = "<group>"; fileEncoding = undefined; lastKnownFileType = unknown; explicitFileType = undefined; includeInIndex = 0; };
		CBD2379C848B4348B801692D /* EvilIcons.ttf */ = {isa = PBXFileReference; name = "EvilIcons.ttf"; path = "../node_modules/react-native-vector-icons/Fonts/EvilIcons.ttf"; sourceTree = "<group>"; fileEncoding = undefined; lastKnownFileType = unknown; explicitFileType = undefined; includeInIndex = 0; };
		E7029974C4134865B1015249 /* Feather.ttf */ = {isa = PBXFileReference; name = "Feather.ttf"; path = "../node_modules/react-native-vector-icons/Fonts/Feather.ttf"; sourceTree = "<group>"; fileEncoding = undefined; lastKnownFileType = unknown; explicitFileType = undefined; includeInIndex = 0; };
		6A104FCE25544A169DC42BFA /* FontAwesome.ttf */ = {isa = PBXFileReference; name = "FontAwesome.ttf"; path = "../node_modules/react-native-vector-icons/Fonts/FontAwesome.ttf"; sourceTree = "<group>"; fileEncoding = undefined; lastKnownFileType = unknown; explicitFileType = undefined; includeInIndex = 0; };
		F28974CE3A2F4798BF1FE6E8 /* FontAwesome5_Brands.ttf */ = {isa = PBXFileReference; name = "FontAwesome5_Brands.ttf"; path = "../node_modules/react-native-vector-icons/Fonts/FontAwesome5_Brands.ttf"; sourceTree = "<group>"; fileEncoding = undefined; lastKnownFileType = unknown; explicitFileType = undefined; includeInIndex = 0; };
		5CC255D3BEAB415EAA88331E /* FontAwesome5_Regular.ttf */ = {isa = PBXFileReference; name = "FontAwesome5_Regular.ttf"; path = "../node_modules/react-native-vector-icons/Fonts/FontAwesome5_Regular.ttf"; sourceTree = "<group>"; fileEncoding = undefined; lastKnownFileType = unknown; explicitFileType = undefined; includeInIndex = 0; };
		DEDA757717B14049B81E9318 /* FontAwesome5_Solid.ttf */ = {isa = PBXFileReference; name = "FontAwesome5_Solid.ttf"; path = "../node_modules/react-native-vector-icons/Fonts/FontAwesome5_Solid.ttf"; sourceTree = "<group>"; fileEncoding = undefined; lastKnownFileType = unknown; explicitFileType = undefined; includeInIndex = 0; };
		FD95CC54E66F4C1682618714 /* Fontisto.ttf */ = {isa = PBXFileReference; name = "Fontisto.ttf"; path = "../node_modules/react-native-vector-icons/Fonts/Fontisto.ttf"; sourceTree = "<group>"; fileEncoding = undefined; lastKnownFileType = unknown; explicitFileType = undefined; includeInIndex = 0; };
		327BA875A1AD457291DB4500 /* Foundation.ttf */ = {isa = PBXFileReference; name = "Foundation.ttf"; path = "../node_modules/react-native-vector-icons/Fonts/Foundation.ttf"; sourceTree = "<group>"; fileEncoding = undefined; lastKnownFileType = unknown; explicitFileType = undefined; includeInIndex = 0; };
		A7B71F452809413295E8A141 /* Ionicons.ttf */ = {isa = PBXFileReference; name = "Ionicons.ttf"; path = "../node_modules/react-native-vector-icons/Fonts/Ionicons.ttf"; sourceTree = "<group>"; fileEncoding = undefined; lastKnownFileType = unknown; explicitFileType = undefined; includeInIndex = 0; };
		112B323192534E9A81637EAC /* MaterialCommunityIcons.ttf */ = {isa = PBXFileReference; name = "MaterialCommunityIcons.ttf"; path = "../node_modules/react-native-vector-icons/Fonts/MaterialCommunityIcons.ttf"; sourceTree = "<group>"; fileEncoding = undefined; lastKnownFileType = unknown; explicitFileType = undefined; includeInIndex = 0; };
		6E4A339F23A5462C8C3CCBA0 /* MaterialIcons.ttf */ = {isa = PBXFileReference; name = "MaterialIcons.ttf"; path = "../node_modules/react-native-vector-icons/Fonts/MaterialIcons.ttf"; sourceTree = "<group>"; fileEncoding = undefined; lastKnownFileType = unknown; explicitFileType = undefined; includeInIndex = 0; };
		7AD3B154EB964940AFE3C12A /* Octicons.ttf */ = {isa = PBXFileReference; name = "Octicons.ttf"; path = "../node_modules/react-native-vector-icons/Fonts/Octicons.ttf"; sourceTree = "<group>"; fileEncoding = undefined; lastKnownFileType = unknown; explicitFileType = undefined; includeInIndex = 0; };
		4240F32A99994FBB816FDC4F /* SimpleLineIcons.ttf */ = {isa = PBXFileReference; name = "SimpleLineIcons.ttf"; path = "../node_modules/react-native-vector-icons/Fonts/SimpleLineIcons.ttf"; sourceTree = "<group>"; fileEncoding = undefined; lastKnownFileType = unknown; explicitFileType = undefined; includeInIndex = 0; };
		7AE9EA3B9517462CA0BE9A51 /* Zocial.ttf */ = {isa = PBXFileReference; name = "Zocial.ttf"; path = "../node_modules/react-native-vector-icons/Fonts/Zocial.ttf"; sourceTree = "<group>"; fileEncoding = undefined; lastKnownFileType = unknown; explicitFileType = undefined; includeInIndex = 0; };
/* End PBXFileReference section */

/* Begin PBXFrameworksBuildPhase section */
		00E356EB1AD99517003FC87E /* Frameworks */ = {
			isa = PBXFrameworksBuildPhase;
			buildActionMask = 2147483647;
			files = (
				47D18CDA06EC9A247543A6DA /* libPods-pauzrappTests.a in Frameworks */,
			);
			runOnlyForDeploymentPostprocessing = 0;
		};
		13B07F8C1A680F5B00A75B9A /* Frameworks */ = {
			isa = PBXFrameworksBuildPhase;
			buildActionMask = 2147483647;
			files = (
				2FB438889B98648A651B841D /* libPods-pauzrapp.a in Frameworks */,
			);
			runOnlyForDeploymentPostprocessing = 0;
		};
		2D02E4781E0B4A5D006451C7 /* Frameworks */ = {
			isa = PBXFrameworksBuildPhase;
			buildActionMask = 2147483647;
			files = (
				349B9D4A369DBBFCD6FECF9A /* libPods-pauzrapp-tvOS.a in Frameworks */,
			);
			runOnlyForDeploymentPostprocessing = 0;
		};
		2D02E48D1E0B4A5D006451C7 /* Frameworks */ = {
			isa = PBXFrameworksBuildPhase;
			buildActionMask = 2147483647;
			files = (
				3DAF8DE8D89C73B29B8C7B66 /* libPods-pauzrapp-tvOSTests.a in Frameworks */,
			);
			runOnlyForDeploymentPostprocessing = 0;
		};
/* End PBXFrameworksBuildPhase section */

/* Begin PBXGroup section */
		00E356EF1AD99517003FC87E /* pauzrappTests */ = {
			isa = PBXGroup;
			children = (
				00E356F21AD99517003FC87E /* pauzrappTests.m */,
				00E356F01AD99517003FC87E /* Supporting Files */,
			);
			path = pauzrappTests;
			sourceTree = "<group>";
		};
		00E356F01AD99517003FC87E /* Supporting Files */ = {
			isa = PBXGroup;
			children = (
				00E356F11AD99517003FC87E /* Info.plist */,
			);
			name = "Supporting Files";
			sourceTree = "<group>";
		};
		047E6113F81E411EA36F6199 /* Pods */ = {
			isa = PBXGroup;
			children = (
				A871DBEF8B970178947FD225 /* Pods-pauzrapp.debug.xcconfig */,
				BC86CB7E581105D231283BCE /* Pods-pauzrapp.release.xcconfig */,
				33D9BF85671A682B12688063 /* Pods-pauzrapp-tvOS.debug.xcconfig */,
				E504754CE21B68038F86CAAF /* Pods-pauzrapp-tvOS.release.xcconfig */,
				8F3C35356C655D4A365D0A76 /* Pods-pauzrapp-tvOSTests.debug.xcconfig */,
				4A2FCE3BB89574DECE4FF04D /* Pods-pauzrapp-tvOSTests.release.xcconfig */,
				066FE2CD1F3EA0A41EB77790 /* Pods-pauzrappTests.debug.xcconfig */,
				B8A2095001E8EBC2EC9734F4 /* Pods-pauzrappTests.release.xcconfig */,
			);
			name = Pods;
			path = Pods;
			sourceTree = "<group>";
		};
		13B07FAE1A68108700A75B9A /* pauzrapp */ = {
			isa = PBXGroup;
			children = (
				008F07F21AC5B25A0029DE68 /* main.jsbundle */,
				13B07FAF1A68108700A75B9A /* AppDelegate.h */,
				13B07FB01A68108700A75B9A /* AppDelegate.m */,
				13B07FB51A68108700A75B9A /* Images.xcassets */,
				13B07FB61A68108700A75B9A /* Info.plist */,
				13B07FB11A68108700A75B9A /* LaunchScreen.xib */,
				13B07FB71A68108700A75B9A /* main.m */,
			);
			name = pauzrapp;
			sourceTree = "<group>";
		};
		2D16E6871FA4F8E400B85C8A /* Frameworks */ = {
			isa = PBXGroup;
			children = (
				ED297162215061F000B7C4FE /* JavaScriptCore.framework */,
				ED2971642150620600B7C4FE /* JavaScriptCore.framework */,
				376C7666F99F2E8B8729EB04 /* libPods-pauzrapp.a */,
				6269456626EE9CC0E4CE77EB /* libPods-pauzrapp-tvOS.a */,
				39CB60C697C3A4F69A3BF8B9 /* libPods-pauzrapp-tvOSTests.a */,
				257A9C8C7DDF18B5E29FF3B0 /* libPods-pauzrappTests.a */,
			);
			name = Frameworks;
			sourceTree = "<group>";
		};
		832341AE1AAA6A7D00B99B32 /* Libraries */ = {
			isa = PBXGroup;
			children = (
			);
			name = Libraries;
			sourceTree = "<group>";
		};
		83CBB9F61A601CBA00E9B192 = {
			isa = PBXGroup;
			children = (
				13B07FAE1A68108700A75B9A /* pauzrapp */,
				832341AE1AAA6A7D00B99B32 /* Libraries */,
				00E356EF1AD99517003FC87E /* pauzrappTests */,
				83CBBA001A601CBA00E9B192 /* Products */,
				2D16E6871FA4F8E400B85C8A /* Frameworks */,
				047E6113F81E411EA36F6199 /* Pods */,
				9D87C75A54844100BF7E4122 /* Resources */,
			);
			indentWidth = 2;
			sourceTree = "<group>";
			tabWidth = 2;
			usesTabs = 0;
		};
		83CBBA001A601CBA00E9B192 /* Products */ = {
			isa = PBXGroup;
			children = (
				13B07F961A680F5B00A75B9A /* pauzrapp.app */,
				00E356EE1AD99517003FC87E /* pauzrappTests.xctest */,
				2D02E47B1E0B4A5D006451C7 /* pauzrapp-tvOS.app */,
				2D02E4901E0B4A5D006451C7 /* pauzrapp-tvOSTests.xctest */,
			);
			name = Products;
			sourceTree = "<group>";
		};
		9D87C75A54844100BF7E4122 /* Resources */ = {
			isa = "PBXGroup";
			children = (
				E55548AE0AB44EE0B53DDD43 /* Digital7-Italic.ttf */,
				91EB6037F90F4560B073A6F9 /* Digital7-Mono.ttf */,
				414D1D2E30974AE5B7CF1A1D /* Digital7-MonoItalic.ttf */,
				547C8F90B4BE481DBE550350 /* Digital7.ttf */,
				8EC1980ED8D5496B895FEFC9 /* TitilliumWeb-Black.ttf */,
				F7F4B6BCDF1C4005B5F3AE49 /* TitilliumWeb-Bold.ttf */,
				68663C47836E42ACBAA828E9 /* TitilliumWeb-BoldItalic.ttf */,
				57C1D46983934B529C5D314B /* TitilliumWeb-ExtraLight.ttf */,
				A550930F0BF546C8BE34D958 /* TitilliumWeb-ExtraLightItalic.ttf */,
				BAFE79BFF96A4433B80F8995 /* TitilliumWeb-Italic.ttf */,
				B1EAB6316D7647F0A68D9EE9 /* TitilliumWeb-Light.ttf */,
				FABC1034EB2747F3AF69917F /* TitilliumWeb-LightItalic.ttf */,
				0178960F36CC42768FCA9ACE /* TitilliumWeb-Regular.ttf */,
				A3AC9BCAF5D74AE6A7EAAA85 /* TitilliumWeb-SemiBold.ttf */,
				548AE1030AFD4D1C82C70409 /* TitilliumWeb-SemiBoldItalic.ttf */,
				F0A5BB04BFB94B2D918DA7EF /* AntDesign.ttf */,
				98EDA8D0FDA04FF68A3E1132 /* Entypo.ttf */,
				AD24FE5E3F59438EBE8F95D8 /* EvilIcons.ttf */,
				7587F507672046CF8ACBD747 /* Feather.ttf */,
				05B70E60156E4993B3827C6D /* FontAwesome.ttf */,
				D83183B20BBF4AB4B2F9676F /* FontAwesome5_Brands.ttf */,
				DE2F1E9B8DC74BF9B13A2C89 /* FontAwesome5_Regular.ttf */,
				C82A5492654340D88B34CBDA /* FontAwesome5_Solid.ttf */,
				50D8FF357E6842408C821981 /* Foundation.ttf */,
				7317460231524C0FB2034A4C /* Ionicons.ttf */,
				C6740600F3D646118E6626ED /* MaterialCommunityIcons.ttf */,
				5C1D7D1831154AB29CA034F7 /* MaterialIcons.ttf */,
				E6C2E7B2AA6747EA9128A19B /* Octicons.ttf */,
				E893DCFC26F341D4AB864FD6 /* Roboto_medium.ttf */,
				C7C346B754B349A2A7490C73 /* Roboto.ttf */,
				464C8CB2299D4E118EA304A9 /* rubicon-icon-font.ttf */,
				C3961274BB4747C497DBA148 /* SimpleLineIcons.ttf */,
				422337580BCD4412BAFE8356 /* Zocial.ttf */,
				17E9E54A18C247D7A1570547 /* AntDesign.ttf */,
				B99B2D8C3BE14FB19178B39F /* Entypo.ttf */,
				CBD2379C848B4348B801692D /* EvilIcons.ttf */,
				E7029974C4134865B1015249 /* Feather.ttf */,
				6A104FCE25544A169DC42BFA /* FontAwesome.ttf */,
				F28974CE3A2F4798BF1FE6E8 /* FontAwesome5_Brands.ttf */,
				5CC255D3BEAB415EAA88331E /* FontAwesome5_Regular.ttf */,
				DEDA757717B14049B81E9318 /* FontAwesome5_Solid.ttf */,
				FD95CC54E66F4C1682618714 /* Fontisto.ttf */,
				327BA875A1AD457291DB4500 /* Foundation.ttf */,
				A7B71F452809413295E8A141 /* Ionicons.ttf */,
				112B323192534E9A81637EAC /* MaterialCommunityIcons.ttf */,
				6E4A339F23A5462C8C3CCBA0 /* MaterialIcons.ttf */,
				7AD3B154EB964940AFE3C12A /* Octicons.ttf */,
				4240F32A99994FBB816FDC4F /* SimpleLineIcons.ttf */,
				7AE9EA3B9517462CA0BE9A51 /* Zocial.ttf */,
			);
			name = Resources;
			sourceTree = "<group>";
			path = "";
		};
/* End PBXGroup section */

/* Begin PBXNativeTarget section */
		00E356ED1AD99517003FC87E /* pauzrappTests */ = {
			isa = PBXNativeTarget;
			buildConfigurationList = 00E357021AD99517003FC87E /* Build configuration list for PBXNativeTarget "pauzrappTests" */;
			buildPhases = (
				0B385C3EE371144242DD186F /* [CP] Check Pods Manifest.lock */,
				00E356EA1AD99517003FC87E /* Sources */,
				00E356EB1AD99517003FC87E /* Frameworks */,
				00E356EC1AD99517003FC87E /* Resources */,
			);
			buildRules = (
			);
			dependencies = (
				00E356F51AD99517003FC87E /* PBXTargetDependency */,
			);
			name = pauzrappTests;
			productName = pauzrappTests;
			productReference = 00E356EE1AD99517003FC87E /* pauzrappTests.xctest */;
			productType = "com.apple.product-type.bundle.unit-test";
		};
		13B07F861A680F5B00A75B9A /* pauzrapp */ = {
			isa = PBXNativeTarget;
			buildConfigurationList = 13B07F931A680F5B00A75B9A /* Build configuration list for PBXNativeTarget "pauzrapp" */;
			buildPhases = (
				48E0EC6C5298EB3502CB9DF8 /* [CP] Check Pods Manifest.lock */,
				FD10A7F022414F080027D42C /* Start Packager */,
				13B07F871A680F5B00A75B9A /* Sources */,
				13B07F8C1A680F5B00A75B9A /* Frameworks */,
				13B07F8E1A680F5B00A75B9A /* Resources */,
				00DD1BFF1BD5951E006B06BC /* Bundle React Native code and images */,
			);
			buildRules = (
			);
			dependencies = (
			);
			name = pauzrapp;
			productName = pauzrapp;
			productReference = 13B07F961A680F5B00A75B9A /* pauzrapp.app */;
			productType = "com.apple.product-type.application";
		};
		2D02E47A1E0B4A5D006451C7 /* pauzrapp-tvOS */ = {
			isa = PBXNativeTarget;
			buildConfigurationList = 2D02E4BA1E0B4A5E006451C7 /* Build configuration list for PBXNativeTarget "pauzrapp-tvOS" */;
			buildPhases = (
				9A9E089B01F66CFD708802DD /* [CP] Check Pods Manifest.lock */,
				FD10A7F122414F3F0027D42C /* Start Packager */,
				2D02E4771E0B4A5D006451C7 /* Sources */,
				2D02E4781E0B4A5D006451C7 /* Frameworks */,
				2D02E4791E0B4A5D006451C7 /* Resources */,
				2D02E4CB1E0B4B27006451C7 /* Bundle React Native Code And Images */,
			);
			buildRules = (
			);
			dependencies = (
			);
			name = "pauzrapp-tvOS";
			productName = "pauzrapp-tvOS";
			productReference = 2D02E47B1E0B4A5D006451C7 /* pauzrapp-tvOS.app */;
			productType = "com.apple.product-type.application";
		};
		2D02E48F1E0B4A5D006451C7 /* pauzrapp-tvOSTests */ = {
			isa = PBXNativeTarget;
			buildConfigurationList = 2D02E4BB1E0B4A5E006451C7 /* Build configuration list for PBXNativeTarget "pauzrapp-tvOSTests" */;
			buildPhases = (
				E85EDD2743830708C5E55166 /* [CP] Check Pods Manifest.lock */,
				2D02E48C1E0B4A5D006451C7 /* Sources */,
				2D02E48D1E0B4A5D006451C7 /* Frameworks */,
				2D02E48E1E0B4A5D006451C7 /* Resources */,
			);
			buildRules = (
			);
			dependencies = (
				2D02E4921E0B4A5D006451C7 /* PBXTargetDependency */,
			);
			name = "pauzrapp-tvOSTests";
			productName = "pauzrapp-tvOSTests";
			productReference = 2D02E4901E0B4A5D006451C7 /* pauzrapp-tvOSTests.xctest */;
			productType = "com.apple.product-type.bundle.unit-test";
		};
/* End PBXNativeTarget section */

/* Begin PBXProject section */
		83CBB9F71A601CBA00E9B192 /* Project object */ = {
			isa = PBXProject;
			attributes = {
				LastUpgradeCheck = 940;
				ORGANIZATIONNAME = Facebook;
				TargetAttributes = {
					00E356ED1AD99517003FC87E = {
						CreatedOnToolsVersion = 6.2;
						TestTargetID = 13B07F861A680F5B00A75B9A;
					};
					2D02E47A1E0B4A5D006451C7 = {
						CreatedOnToolsVersion = 8.2.1;
						ProvisioningStyle = Automatic;
					};
					2D02E48F1E0B4A5D006451C7 = {
						CreatedOnToolsVersion = 8.2.1;
						ProvisioningStyle = Automatic;
						TestTargetID = 2D02E47A1E0B4A5D006451C7;
					};
				};
			};
			buildConfigurationList = 83CBB9FA1A601CBA00E9B192 /* Build configuration list for PBXProject "pauzrapp" */;
			compatibilityVersion = "Xcode 3.2";
			developmentRegion = English;
			hasScannedForEncodings = 0;
			knownRegions = (
				en,
				Base,
			);
			mainGroup = 83CBB9F61A601CBA00E9B192;
			productRefGroup = 83CBBA001A601CBA00E9B192 /* Products */;
			projectDirPath = "";
			projectRoot = "";
			targets = (
				13B07F861A680F5B00A75B9A /* pauzrapp */,
				00E356ED1AD99517003FC87E /* pauzrappTests */,
				2D02E47A1E0B4A5D006451C7 /* pauzrapp-tvOS */,
				2D02E48F1E0B4A5D006451C7 /* pauzrapp-tvOSTests */,
			);
		};
/* End PBXProject section */

/* Begin PBXResourcesBuildPhase section */
		00E356EC1AD99517003FC87E /* Resources */ = {
			isa = PBXResourcesBuildPhase;
			buildActionMask = 2147483647;
			files = (
			);
			runOnlyForDeploymentPostprocessing = 0;
		};
		13B07F8E1A680F5B00A75B9A /* Resources */ = {
			isa = PBXResourcesBuildPhase;
			buildActionMask = 2147483647;
			files = (
				13B07FBF1A68108700A75B9A /* Images.xcassets in Resources */,
				13B07FBD1A68108700A75B9A /* LaunchScreen.xib in Resources */,
				1ABD9788348E4462B9B7DB22 /* Digital7-Italic.ttf in Resources */,
				9FE5DF0166A14EE8A6E7F94D /* Digital7-Mono.ttf in Resources */,
				1C558CAEC7A2404BB6647F97 /* Digital7-MonoItalic.ttf in Resources */,
				445B26AAA7374C5F887E08A0 /* Digital7.ttf in Resources */,
				885B39E846C946C48B9E859E /* TitilliumWeb-Black.ttf in Resources */,
				0C96D9AE74DB40769A64AD65 /* TitilliumWeb-Bold.ttf in Resources */,
				00F7E11240B748D0B5A48B96 /* TitilliumWeb-BoldItalic.ttf in Resources */,
				2015E981B88547B7B161CD8B /* TitilliumWeb-ExtraLight.ttf in Resources */,
				8F968E7005834C3C8E84499A /* TitilliumWeb-ExtraLightItalic.ttf in Resources */,
				0FFF0AABB6C049188D48B986 /* TitilliumWeb-Italic.ttf in Resources */,
				A1B92C7C79294836871C89CA /* TitilliumWeb-Light.ttf in Resources */,
				BF4F0EB7E1ED42CABDF5FFD6 /* TitilliumWeb-LightItalic.ttf in Resources */,
				492433751B524B41AAE3FAAB /* TitilliumWeb-Regular.ttf in Resources */,
				8F04C7BDF25A4C5B8A85140B /* TitilliumWeb-SemiBold.ttf in Resources */,
				9B7CB65DB74449388E5663FC /* TitilliumWeb-SemiBoldItalic.ttf in Resources */,
				9BB45AACC4FE4442A48D0D84 /* AntDesign.ttf in Resources */,
				43C66B8B32B24EE2B7C3ED2C /* Entypo.ttf in Resources */,
				BDC5D42B2B154BDA8ABBA11B /* EvilIcons.ttf in Resources */,
				A8B79EA652CA41238C159833 /* Feather.ttf in Resources */,
				CD88760E6A9140CB86D5F695 /* FontAwesome.ttf in Resources */,
				A8F28CD09CA04B8E89C04F65 /* FontAwesome5_Brands.ttf in Resources */,
				9E76EE00D89B4261813C114A /* FontAwesome5_Regular.ttf in Resources */,
				DA772D4D8E834516A4679DA2 /* FontAwesome5_Solid.ttf in Resources */,
				BB84F220D49A4F0082883911 /* Foundation.ttf in Resources */,
				D84C42A1F3F54F35A39CB9F4 /* Ionicons.ttf in Resources */,
				4A7A44776328454989ECE719 /* MaterialCommunityIcons.ttf in Resources */,
				407524AEF0274EB787F8C52F /* MaterialIcons.ttf in Resources */,
				4E03FFCAB50E4309B7E8F52A /* Octicons.ttf in Resources */,
				C2786A2391E64056AFF995D2 /* Roboto_medium.ttf in Resources */,
				C5A875D6B7C44D0998635DD5 /* Roboto.ttf in Resources */,
				C195C09E6B25414086735529 /* rubicon-icon-font.ttf in Resources */,
				55F98745481641F7B41170EF /* SimpleLineIcons.ttf in Resources */,
				2421FB22592E4E49A3E1C30A /* Zocial.ttf in Resources */,
				CEA57E65691441EB8BB4DE98 /* AntDesign.ttf in Resources */,
				52CD178DDAEE49EA8E6012B7 /* Entypo.ttf in Resources */,
				BFBAD2118778495E91E70A1B /* EvilIcons.ttf in Resources */,
				1D3171D7D4D04374A7DC620D /* Feather.ttf in Resources */,
				B83D9AE81F5F4012917E9768 /* FontAwesome.ttf in Resources */,
				349FC8B2160049E997F6E6A3 /* FontAwesome5_Brands.ttf in Resources */,
				52BDF03F1169444B97D54BE8 /* FontAwesome5_Regular.ttf in Resources */,
				6B52803085E04FE1A1E3C5CE /* FontAwesome5_Solid.ttf in Resources */,
				5DEA95A13B0B483285930547 /* Fontisto.ttf in Resources */,
				EA7BC575CAB3459DBCBDE1C4 /* Foundation.ttf in Resources */,
				4510CC1BFDBD492983403ECF /* Ionicons.ttf in Resources */,
				CB7A9D3557D9411E84F15EF1 /* MaterialCommunityIcons.ttf in Resources */,
				4DED6B3AE3BA46CA833B0EF7 /* MaterialIcons.ttf in Resources */,
				41773DA8385A4522B911A5FE /* Octicons.ttf in Resources */,
				50C788A22A404ABB8899962D /* SimpleLineIcons.ttf in Resources */,
				764362719E694297836B51F8 /* Zocial.ttf in Resources */,
			);
			runOnlyForDeploymentPostprocessing = 0;
		};
		2D02E4791E0B4A5D006451C7 /* Resources */ = {
			isa = PBXResourcesBuildPhase;
			buildActionMask = 2147483647;
			files = (
				2D02E4BD1E0B4A84006451C7 /* Images.xcassets in Resources */,
			);
			runOnlyForDeploymentPostprocessing = 0;
		};
		2D02E48E1E0B4A5D006451C7 /* Resources */ = {
			isa = PBXResourcesBuildPhase;
			buildActionMask = 2147483647;
			files = (
			);
			runOnlyForDeploymentPostprocessing = 0;
		};
/* End PBXResourcesBuildPhase section */

/* Begin PBXShellScriptBuildPhase section */
		00DD1BFF1BD5951E006B06BC /* Bundle React Native code and images */ = {
			isa = PBXShellScriptBuildPhase;
			buildActionMask = 2147483647;
			files = (
			);
			inputPaths = (
			);
			name = "Bundle React Native code and images";
			outputPaths = (
			);
			runOnlyForDeploymentPostprocessing = 0;
			shellPath = /bin/sh;
			shellScript = "export NODE_BINARY=node\n../node_modules/react-native/scripts/react-native-xcode.sh";
		};
		0B385C3EE371144242DD186F /* [CP] Check Pods Manifest.lock */ = {
			isa = PBXShellScriptBuildPhase;
			buildActionMask = 2147483647;
			files = (
			);
			inputFileListPaths = (
			);
			inputPaths = (
				"${PODS_PODFILE_DIR_PATH}/Podfile.lock",
				"${PODS_ROOT}/Manifest.lock",
			);
			name = "[CP] Check Pods Manifest.lock";
			outputFileListPaths = (
			);
			outputPaths = (
				"$(DERIVED_FILE_DIR)/Pods-pauzrappTests-checkManifestLockResult.txt",
			);
			runOnlyForDeploymentPostprocessing = 0;
			shellPath = /bin/sh;
			shellScript = "diff \"${PODS_PODFILE_DIR_PATH}/Podfile.lock\" \"${PODS_ROOT}/Manifest.lock\" > /dev/null\nif [ $? != 0 ] ; then\n    # print error to STDERR\n    echo \"error: The sandbox is not in sync with the Podfile.lock. Run 'pod install' or update your CocoaPods installation.\" >&2\n    exit 1\nfi\n# This output is used by Xcode 'outputs' to avoid re-running this script phase.\necho \"SUCCESS\" > \"${SCRIPT_OUTPUT_FILE_0}\"\n";
			showEnvVarsInLog = 0;
		};
		2D02E4CB1E0B4B27006451C7 /* Bundle React Native Code And Images */ = {
			isa = PBXShellScriptBuildPhase;
			buildActionMask = 2147483647;
			files = (
			);
			inputPaths = (
			);
			name = "Bundle React Native Code And Images";
			outputPaths = (
			);
			runOnlyForDeploymentPostprocessing = 0;
			shellPath = /bin/sh;
			shellScript = "export NODE_BINARY=node\n../node_modules/react-native/scripts/react-native-xcode.sh";
		};
		48E0EC6C5298EB3502CB9DF8 /* [CP] Check Pods Manifest.lock */ = {
			isa = PBXShellScriptBuildPhase;
			buildActionMask = 2147483647;
			files = (
			);
			inputFileListPaths = (
			);
			inputPaths = (
				"${PODS_PODFILE_DIR_PATH}/Podfile.lock",
				"${PODS_ROOT}/Manifest.lock",
			);
			name = "[CP] Check Pods Manifest.lock";
			outputFileListPaths = (
			);
			outputPaths = (
				"$(DERIVED_FILE_DIR)/Pods-pauzrapp-checkManifestLockResult.txt",
			);
			runOnlyForDeploymentPostprocessing = 0;
			shellPath = /bin/sh;
			shellScript = "diff \"${PODS_PODFILE_DIR_PATH}/Podfile.lock\" \"${PODS_ROOT}/Manifest.lock\" > /dev/null\nif [ $? != 0 ] ; then\n    # print error to STDERR\n    echo \"error: The sandbox is not in sync with the Podfile.lock. Run 'pod install' or update your CocoaPods installation.\" >&2\n    exit 1\nfi\n# This output is used by Xcode 'outputs' to avoid re-running this script phase.\necho \"SUCCESS\" > \"${SCRIPT_OUTPUT_FILE_0}\"\n";
			showEnvVarsInLog = 0;
		};
		9A9E089B01F66CFD708802DD /* [CP] Check Pods Manifest.lock */ = {
			isa = PBXShellScriptBuildPhase;
			buildActionMask = 2147483647;
			files = (
			);
			inputFileListPaths = (
			);
			inputPaths = (
				"${PODS_PODFILE_DIR_PATH}/Podfile.lock",
				"${PODS_ROOT}/Manifest.lock",
			);
			name = "[CP] Check Pods Manifest.lock";
			outputFileListPaths = (
			);
			outputPaths = (
				"$(DERIVED_FILE_DIR)/Pods-pauzrapp-tvOS-checkManifestLockResult.txt",
			);
			runOnlyForDeploymentPostprocessing = 0;
			shellPath = /bin/sh;
			shellScript = "diff \"${PODS_PODFILE_DIR_PATH}/Podfile.lock\" \"${PODS_ROOT}/Manifest.lock\" > /dev/null\nif [ $? != 0 ] ; then\n    # print error to STDERR\n    echo \"error: The sandbox is not in sync with the Podfile.lock. Run 'pod install' or update your CocoaPods installation.\" >&2\n    exit 1\nfi\n# This output is used by Xcode 'outputs' to avoid re-running this script phase.\necho \"SUCCESS\" > \"${SCRIPT_OUTPUT_FILE_0}\"\n";
			showEnvVarsInLog = 0;
		};
		E85EDD2743830708C5E55166 /* [CP] Check Pods Manifest.lock */ = {
			isa = PBXShellScriptBuildPhase;
			buildActionMask = 2147483647;
			files = (
			);
			inputFileListPaths = (
			);
			inputPaths = (
				"${PODS_PODFILE_DIR_PATH}/Podfile.lock",
				"${PODS_ROOT}/Manifest.lock",
			);
			name = "[CP] Check Pods Manifest.lock";
			outputFileListPaths = (
			);
			outputPaths = (
				"$(DERIVED_FILE_DIR)/Pods-pauzrapp-tvOSTests-checkManifestLockResult.txt",
			);
			runOnlyForDeploymentPostprocessing = 0;
			shellPath = /bin/sh;
			shellScript = "diff \"${PODS_PODFILE_DIR_PATH}/Podfile.lock\" \"${PODS_ROOT}/Manifest.lock\" > /dev/null\nif [ $? != 0 ] ; then\n    # print error to STDERR\n    echo \"error: The sandbox is not in sync with the Podfile.lock. Run 'pod install' or update your CocoaPods installation.\" >&2\n    exit 1\nfi\n# This output is used by Xcode 'outputs' to avoid re-running this script phase.\necho \"SUCCESS\" > \"${SCRIPT_OUTPUT_FILE_0}\"\n";
			showEnvVarsInLog = 0;
		};
		FD10A7F022414F080027D42C /* Start Packager */ = {
			isa = PBXShellScriptBuildPhase;
			buildActionMask = 2147483647;
			files = (
			);
			inputFileListPaths = (
			);
			inputPaths = (
			);
			name = "Start Packager";
			outputFileListPaths = (
			);
			outputPaths = (
			);
			runOnlyForDeploymentPostprocessing = 0;
			shellPath = /bin/sh;
			shellScript = "export RCT_METRO_PORT=\"${RCT_METRO_PORT:=8081}\"\necho \"export RCT_METRO_PORT=${RCT_METRO_PORT}\" > \"${SRCROOT}/../node_modules/react-native/scripts/.packager.env\"\nif [ -z \"${RCT_NO_LAUNCH_PACKAGER+xxx}\" ] ; then\n  if nc -w 5 -z localhost ${RCT_METRO_PORT} ; then\n    if ! curl -s \"http://localhost:${RCT_METRO_PORT}/status\" | grep -q \"packager-status:running\" ; then\n      echo \"Port ${RCT_METRO_PORT} already in use, packager is either not running or not running correctly\"\n      exit 2\n    fi\n  else\n    open \"$SRCROOT/../node_modules/react-native/scripts/launchPackager.command\" || echo \"Can't start packager automatically\"\n  fi\nfi\n";
			showEnvVarsInLog = 0;
		};
		FD10A7F122414F3F0027D42C /* Start Packager */ = {
			isa = PBXShellScriptBuildPhase;
			buildActionMask = 2147483647;
			files = (
			);
			inputFileListPaths = (
			);
			inputPaths = (
			);
			name = "Start Packager";
			outputFileListPaths = (
			);
			outputPaths = (
			);
			runOnlyForDeploymentPostprocessing = 0;
			shellPath = /bin/sh;
			shellScript = "export RCT_METRO_PORT=\"${RCT_METRO_PORT:=8081}\"\necho \"export RCT_METRO_PORT=${RCT_METRO_PORT}\" > \"${SRCROOT}/../node_modules/react-native/scripts/.packager.env\"\nif [ -z \"${RCT_NO_LAUNCH_PACKAGER+xxx}\" ] ; then\n  if nc -w 5 -z localhost ${RCT_METRO_PORT} ; then\n    if ! curl -s \"http://localhost:${RCT_METRO_PORT}/status\" | grep -q \"packager-status:running\" ; then\n      echo \"Port ${RCT_METRO_PORT} already in use, packager is either not running or not running correctly\"\n      exit 2\n    fi\n  else\n    open \"$SRCROOT/../node_modules/react-native/scripts/launchPackager.command\" || echo \"Can't start packager automatically\"\n  fi\nfi\n";
			showEnvVarsInLog = 0;
		};
/* End PBXShellScriptBuildPhase section */

/* Begin PBXSourcesBuildPhase section */
		00E356EA1AD99517003FC87E /* Sources */ = {
			isa = PBXSourcesBuildPhase;
			buildActionMask = 2147483647;
			files = (
				00E356F31AD99517003FC87E /* pauzrappTests.m in Sources */,
			);
			runOnlyForDeploymentPostprocessing = 0;
		};
		13B07F871A680F5B00A75B9A /* Sources */ = {
			isa = PBXSourcesBuildPhase;
			buildActionMask = 2147483647;
			files = (
				13B07FBC1A68108700A75B9A /* AppDelegate.m in Sources */,
				13B07FC11A68108700A75B9A /* main.m in Sources */,
			);
			runOnlyForDeploymentPostprocessing = 0;
		};
		2D02E4771E0B4A5D006451C7 /* Sources */ = {
			isa = PBXSourcesBuildPhase;
			buildActionMask = 2147483647;
			files = (
				2D02E4BF1E0B4AB3006451C7 /* main.m in Sources */,
				2D02E4BC1E0B4A80006451C7 /* AppDelegate.m in Sources */,
			);
			runOnlyForDeploymentPostprocessing = 0;
		};
		2D02E48C1E0B4A5D006451C7 /* Sources */ = {
			isa = PBXSourcesBuildPhase;
			buildActionMask = 2147483647;
			files = (
				2DCD954D1E0B4F2C00145EB5 /* pauzrappTests.m in Sources */,
			);
			runOnlyForDeploymentPostprocessing = 0;
		};
/* End PBXSourcesBuildPhase section */

/* Begin PBXTargetDependency section */
		00E356F51AD99517003FC87E /* PBXTargetDependency */ = {
			isa = PBXTargetDependency;
			target = 13B07F861A680F5B00A75B9A /* pauzrapp */;
			targetProxy = 00E356F41AD99517003FC87E /* PBXContainerItemProxy */;
		};
		2D02E4921E0B4A5D006451C7 /* PBXTargetDependency */ = {
			isa = PBXTargetDependency;
			target = 2D02E47A1E0B4A5D006451C7 /* pauzrapp-tvOS */;
			targetProxy = 2D02E4911E0B4A5D006451C7 /* PBXContainerItemProxy */;
		};
/* End PBXTargetDependency section */

/* Begin PBXVariantGroup section */
		13B07FB11A68108700A75B9A /* LaunchScreen.xib */ = {
			isa = PBXVariantGroup;
			children = (
				13B07FB21A68108700A75B9A /* Base */,
			);
			name = LaunchScreen.xib;
			path = pauzrapp;
			sourceTree = "<group>";
		};
/* End PBXVariantGroup section */

/* Begin XCBuildConfiguration section */
		00E356F61AD99517003FC87E /* Debug */ = {
			isa = XCBuildConfiguration;
			baseConfigurationReference = 066FE2CD1F3EA0A41EB77790 /* Pods-pauzrappTests.debug.xcconfig */;
			buildSettings = {
				BUNDLE_LOADER = "$(TEST_HOST)";
				GCC_PREPROCESSOR_DEFINITIONS = (
					"DEBUG=1",
					"$(inherited)",
				);
				INFOPLIST_FILE = pauzrappTests/Info.plist;
				IPHONEOS_DEPLOYMENT_TARGET = 9.0;
				LD_RUNPATH_SEARCH_PATHS = "$(inherited) @executable_path/Frameworks @loader_path/Frameworks";
				OTHER_LDFLAGS = (
					"-ObjC",
					"-lc++",
					"$(inherited)",
				);
				PRODUCT_BUNDLE_IDENTIFIER = "org.reactjs.native.example.$(PRODUCT_NAME:rfc1034identifier)";
				PRODUCT_NAME = "$(TARGET_NAME)";
				TEST_HOST = "$(BUILT_PRODUCTS_DIR)/pauzrapp.app/pauzrapp";
			};
			name = Debug;
		};
		00E356F71AD99517003FC87E /* Release */ = {
			isa = XCBuildConfiguration;
			baseConfigurationReference = B8A2095001E8EBC2EC9734F4 /* Pods-pauzrappTests.release.xcconfig */;
			buildSettings = {
				BUNDLE_LOADER = "$(TEST_HOST)";
				COPY_PHASE_STRIP = NO;
				INFOPLIST_FILE = pauzrappTests/Info.plist;
				IPHONEOS_DEPLOYMENT_TARGET = 9.0;
				LD_RUNPATH_SEARCH_PATHS = "$(inherited) @executable_path/Frameworks @loader_path/Frameworks";
				OTHER_LDFLAGS = (
					"-ObjC",
					"-lc++",
					"$(inherited)",
				);
				PRODUCT_BUNDLE_IDENTIFIER = "org.reactjs.native.example.$(PRODUCT_NAME:rfc1034identifier)";
				PRODUCT_NAME = "$(TARGET_NAME)";
				TEST_HOST = "$(BUILT_PRODUCTS_DIR)/pauzrapp.app/pauzrapp";
			};
			name = Release;
		};
		13B07F941A680F5B00A75B9A /* Debug */ = {
			isa = XCBuildConfiguration;
			baseConfigurationReference = A871DBEF8B970178947FD225 /* Pods-pauzrapp.debug.xcconfig */;
			buildSettings = {
				ASSETCATALOG_COMPILER_APPICON_NAME = AppIcon;
				CURRENT_PROJECT_VERSION = 1;
				DEAD_CODE_STRIPPING = NO;
				INFOPLIST_FILE = pauzrapp/Info.plist;
				LD_RUNPATH_SEARCH_PATHS = "$(inherited) @executable_path/Frameworks";
				OTHER_LDFLAGS = (
					"$(inherited)",
					"-ObjC",
					"-lc++",
				);
				PRODUCT_BUNDLE_IDENTIFIER = "org.reactjs.native.example.$(PRODUCT_NAME:rfc1034identifier)";
				PRODUCT_NAME = pauzrapp;
				VERSIONING_SYSTEM = "apple-generic";
			};
			name = Debug;
		};
		13B07F951A680F5B00A75B9A /* Release */ = {
			isa = XCBuildConfiguration;
			baseConfigurationReference = BC86CB7E581105D231283BCE /* Pods-pauzrapp.release.xcconfig */;
			buildSettings = {
				ASSETCATALOG_COMPILER_APPICON_NAME = AppIcon;
				CURRENT_PROJECT_VERSION = 1;
				INFOPLIST_FILE = pauzrapp/Info.plist;
				LD_RUNPATH_SEARCH_PATHS = "$(inherited) @executable_path/Frameworks";
				OTHER_LDFLAGS = (
					"$(inherited)",
					"-ObjC",
					"-lc++",
				);
				PRODUCT_BUNDLE_IDENTIFIER = "org.reactjs.native.example.$(PRODUCT_NAME:rfc1034identifier)";
				PRODUCT_NAME = pauzrapp;
				VERSIONING_SYSTEM = "apple-generic";
			};
			name = Release;
		};
		2D02E4971E0B4A5E006451C7 /* Debug */ = {
			isa = XCBuildConfiguration;
			baseConfigurationReference = 33D9BF85671A682B12688063 /* Pods-pauzrapp-tvOS.debug.xcconfig */;
			buildSettings = {
				ASSETCATALOG_COMPILER_APPICON_NAME = "App Icon & Top Shelf Image";
				ASSETCATALOG_COMPILER_LAUNCHIMAGE_NAME = LaunchImage;
				CLANG_ANALYZER_NONNULL = YES;
				CLANG_WARN_DOCUMENTATION_COMMENTS = YES;
				CLANG_WARN_INFINITE_RECURSION = YES;
				CLANG_WARN_SUSPICIOUS_MOVE = YES;
				DEBUG_INFORMATION_FORMAT = dwarf;
				ENABLE_TESTABILITY = YES;
				GCC_NO_COMMON_BLOCKS = YES;
				INFOPLIST_FILE = "pauzrapp-tvOS/Info.plist";
				LD_RUNPATH_SEARCH_PATHS = "$(inherited) @executable_path/Frameworks";
				OTHER_LDFLAGS = (
					"$(inherited)",
					"-ObjC",
					"-lc++",
				);
				PRODUCT_BUNDLE_IDENTIFIER = "com.facebook.REACT.pauzrapp-tvOS";
				PRODUCT_NAME = "$(TARGET_NAME)";
				SDKROOT = appletvos;
				TARGETED_DEVICE_FAMILY = 3;
				TVOS_DEPLOYMENT_TARGET = 9.2;
			};
			name = Debug;
		};
		2D02E4981E0B4A5E006451C7 /* Release */ = {
			isa = XCBuildConfiguration;
			baseConfigurationReference = E504754CE21B68038F86CAAF /* Pods-pauzrapp-tvOS.release.xcconfig */;
			buildSettings = {
				ASSETCATALOG_COMPILER_APPICON_NAME = "App Icon & Top Shelf Image";
				ASSETCATALOG_COMPILER_LAUNCHIMAGE_NAME = LaunchImage;
				CLANG_ANALYZER_NONNULL = YES;
				CLANG_WARN_DOCUMENTATION_COMMENTS = YES;
				CLANG_WARN_INFINITE_RECURSION = YES;
				CLANG_WARN_SUSPICIOUS_MOVE = YES;
				COPY_PHASE_STRIP = NO;
				DEBUG_INFORMATION_FORMAT = "dwarf-with-dsym";
				GCC_NO_COMMON_BLOCKS = YES;
				INFOPLIST_FILE = "pauzrapp-tvOS/Info.plist";
				LD_RUNPATH_SEARCH_PATHS = "$(inherited) @executable_path/Frameworks";
				OTHER_LDFLAGS = (
					"$(inherited)",
					"-ObjC",
					"-lc++",
				);
				PRODUCT_BUNDLE_IDENTIFIER = "com.facebook.REACT.pauzrapp-tvOS";
				PRODUCT_NAME = "$(TARGET_NAME)";
				SDKROOT = appletvos;
				TARGETED_DEVICE_FAMILY = 3;
				TVOS_DEPLOYMENT_TARGET = 9.2;
			};
			name = Release;
		};
		2D02E4991E0B4A5E006451C7 /* Debug */ = {
			isa = XCBuildConfiguration;
			baseConfigurationReference = 8F3C35356C655D4A365D0A76 /* Pods-pauzrapp-tvOSTests.debug.xcconfig */;
			buildSettings = {
				BUNDLE_LOADER = "$(TEST_HOST)";
				CLANG_ANALYZER_NONNULL = YES;
				CLANG_WARN_DOCUMENTATION_COMMENTS = YES;
				CLANG_WARN_INFINITE_RECURSION = YES;
				CLANG_WARN_SUSPICIOUS_MOVE = YES;
				DEBUG_INFORMATION_FORMAT = dwarf;
				ENABLE_TESTABILITY = YES;
				GCC_NO_COMMON_BLOCKS = YES;
				INFOPLIST_FILE = "pauzrapp-tvOSTests/Info.plist";
				LD_RUNPATH_SEARCH_PATHS = "$(inherited) @executable_path/Frameworks @loader_path/Frameworks";
				OTHER_LDFLAGS = (
					"$(inherited)",
					"-ObjC",
					"-lc++",
				);
				PRODUCT_BUNDLE_IDENTIFIER = "com.facebook.REACT.pauzrapp-tvOSTests";
				PRODUCT_NAME = "$(TARGET_NAME)";
				SDKROOT = appletvos;
				TEST_HOST = "$(BUILT_PRODUCTS_DIR)/pauzrapp-tvOS.app/pauzrapp-tvOS";
				TVOS_DEPLOYMENT_TARGET = 10.1;
			};
			name = Debug;
		};
		2D02E49A1E0B4A5E006451C7 /* Release */ = {
			isa = XCBuildConfiguration;
			baseConfigurationReference = 4A2FCE3BB89574DECE4FF04D /* Pods-pauzrapp-tvOSTests.release.xcconfig */;
			buildSettings = {
				BUNDLE_LOADER = "$(TEST_HOST)";
				CLANG_ANALYZER_NONNULL = YES;
				CLANG_WARN_DOCUMENTATION_COMMENTS = YES;
				CLANG_WARN_INFINITE_RECURSION = YES;
				CLANG_WARN_SUSPICIOUS_MOVE = YES;
				COPY_PHASE_STRIP = NO;
				DEBUG_INFORMATION_FORMAT = "dwarf-with-dsym";
				GCC_NO_COMMON_BLOCKS = YES;
				INFOPLIST_FILE = "pauzrapp-tvOSTests/Info.plist";
				LD_RUNPATH_SEARCH_PATHS = "$(inherited) @executable_path/Frameworks @loader_path/Frameworks";
				OTHER_LDFLAGS = (
					"$(inherited)",
					"-ObjC",
					"-lc++",
				);
				PRODUCT_BUNDLE_IDENTIFIER = "com.facebook.REACT.pauzrapp-tvOSTests";
				PRODUCT_NAME = "$(TARGET_NAME)";
				SDKROOT = appletvos;
				TEST_HOST = "$(BUILT_PRODUCTS_DIR)/pauzrapp-tvOS.app/pauzrapp-tvOS";
				TVOS_DEPLOYMENT_TARGET = 10.1;
			};
			name = Release;
		};
		83CBBA201A601CBA00E9B192 /* Debug */ = {
			isa = XCBuildConfiguration;
			buildSettings = {
				ALWAYS_SEARCH_USER_PATHS = NO;
				CLANG_CXX_LANGUAGE_STANDARD = "gnu++0x";
				CLANG_CXX_LIBRARY = "libc++";
				CLANG_ENABLE_MODULES = YES;
				CLANG_ENABLE_OBJC_ARC = YES;
				CLANG_WARN_BLOCK_CAPTURE_AUTORELEASING = YES;
				CLANG_WARN_BOOL_CONVERSION = YES;
				CLANG_WARN_COMMA = YES;
				CLANG_WARN_CONSTANT_CONVERSION = YES;
				CLANG_WARN_DEPRECATED_OBJC_IMPLEMENTATIONS = YES;
				CLANG_WARN_DIRECT_OBJC_ISA_USAGE = YES_ERROR;
				CLANG_WARN_EMPTY_BODY = YES;
				CLANG_WARN_ENUM_CONVERSION = YES;
				CLANG_WARN_INFINITE_RECURSION = YES;
				CLANG_WARN_INT_CONVERSION = YES;
				CLANG_WARN_NON_LITERAL_NULL_CONVERSION = YES;
				CLANG_WARN_OBJC_IMPLICIT_RETAIN_SELF = YES;
				CLANG_WARN_OBJC_LITERAL_CONVERSION = YES;
				CLANG_WARN_OBJC_ROOT_CLASS = YES_ERROR;
				CLANG_WARN_RANGE_LOOP_ANALYSIS = YES;
				CLANG_WARN_STRICT_PROTOTYPES = YES;
				CLANG_WARN_SUSPICIOUS_MOVE = YES;
				CLANG_WARN_UNREACHABLE_CODE = YES;
				CLANG_WARN__DUPLICATE_METHOD_MATCH = YES;
				"CODE_SIGN_IDENTITY[sdk=iphoneos*]" = "iPhone Developer";
				COPY_PHASE_STRIP = NO;
				ENABLE_STRICT_OBJC_MSGSEND = YES;
				ENABLE_TESTABILITY = YES;
				GCC_C_LANGUAGE_STANDARD = gnu99;
				GCC_DYNAMIC_NO_PIC = NO;
				GCC_NO_COMMON_BLOCKS = YES;
				GCC_OPTIMIZATION_LEVEL = 0;
				GCC_PREPROCESSOR_DEFINITIONS = (
					"DEBUG=1",
					"$(inherited)",
				);
				GCC_SYMBOLS_PRIVATE_EXTERN = NO;
				GCC_WARN_64_TO_32_BIT_CONVERSION = YES;
				GCC_WARN_ABOUT_RETURN_TYPE = YES_ERROR;
				GCC_WARN_UNDECLARED_SELECTOR = YES;
				GCC_WARN_UNINITIALIZED_AUTOS = YES_AGGRESSIVE;
				GCC_WARN_UNUSED_FUNCTION = YES;
				GCC_WARN_UNUSED_VARIABLE = YES;
				IPHONEOS_DEPLOYMENT_TARGET = 9.0;
				MTL_ENABLE_DEBUG_INFO = YES;
				ONLY_ACTIVE_ARCH = YES;
				SDKROOT = iphoneos;
			};
			name = Debug;
		};
		83CBBA211A601CBA00E9B192 /* Release */ = {
			isa = XCBuildConfiguration;
			buildSettings = {
				ALWAYS_SEARCH_USER_PATHS = NO;
				CLANG_CXX_LANGUAGE_STANDARD = "gnu++0x";
				CLANG_CXX_LIBRARY = "libc++";
				CLANG_ENABLE_MODULES = YES;
				CLANG_ENABLE_OBJC_ARC = YES;
				CLANG_WARN_BLOCK_CAPTURE_AUTORELEASING = YES;
				CLANG_WARN_BOOL_CONVERSION = YES;
				CLANG_WARN_COMMA = YES;
				CLANG_WARN_CONSTANT_CONVERSION = YES;
				CLANG_WARN_DEPRECATED_OBJC_IMPLEMENTATIONS = YES;
				CLANG_WARN_DIRECT_OBJC_ISA_USAGE = YES_ERROR;
				CLANG_WARN_EMPTY_BODY = YES;
				CLANG_WARN_ENUM_CONVERSION = YES;
				CLANG_WARN_INFINITE_RECURSION = YES;
				CLANG_WARN_INT_CONVERSION = YES;
				CLANG_WARN_NON_LITERAL_NULL_CONVERSION = YES;
				CLANG_WARN_OBJC_IMPLICIT_RETAIN_SELF = YES;
				CLANG_WARN_OBJC_LITERAL_CONVERSION = YES;
				CLANG_WARN_OBJC_ROOT_CLASS = YES_ERROR;
				CLANG_WARN_RANGE_LOOP_ANALYSIS = YES;
				CLANG_WARN_STRICT_PROTOTYPES = YES;
				CLANG_WARN_SUSPICIOUS_MOVE = YES;
				CLANG_WARN_UNREACHABLE_CODE = YES;
				CLANG_WARN__DUPLICATE_METHOD_MATCH = YES;
				"CODE_SIGN_IDENTITY[sdk=iphoneos*]" = "iPhone Developer";
				COPY_PHASE_STRIP = YES;
				ENABLE_NS_ASSERTIONS = NO;
				ENABLE_STRICT_OBJC_MSGSEND = YES;
				GCC_C_LANGUAGE_STANDARD = gnu99;
				GCC_NO_COMMON_BLOCKS = YES;
				GCC_WARN_64_TO_32_BIT_CONVERSION = YES;
				GCC_WARN_ABOUT_RETURN_TYPE = YES_ERROR;
				GCC_WARN_UNDECLARED_SELECTOR = YES;
				GCC_WARN_UNINITIALIZED_AUTOS = YES_AGGRESSIVE;
				GCC_WARN_UNUSED_FUNCTION = YES;
				GCC_WARN_UNUSED_VARIABLE = YES;
				IPHONEOS_DEPLOYMENT_TARGET = 9.0;
				MTL_ENABLE_DEBUG_INFO = NO;
				SDKROOT = iphoneos;
				VALIDATE_PRODUCT = YES;
			};
			name = Release;
		};
/* End XCBuildConfiguration section */

/* Begin XCConfigurationList section */
		00E357021AD99517003FC87E /* Build configuration list for PBXNativeTarget "pauzrappTests" */ = {
			isa = XCConfigurationList;
			buildConfigurations = (
				00E356F61AD99517003FC87E /* Debug */,
				00E356F71AD99517003FC87E /* Release */,
			);
			defaultConfigurationIsVisible = 0;
			defaultConfigurationName = Release;
		};
		13B07F931A680F5B00A75B9A /* Build configuration list for PBXNativeTarget "pauzrapp" */ = {
			isa = XCConfigurationList;
			buildConfigurations = (
				13B07F941A680F5B00A75B9A /* Debug */,
				13B07F951A680F5B00A75B9A /* Release */,
			);
			defaultConfigurationIsVisible = 0;
			defaultConfigurationName = Release;
		};
		2D02E4BA1E0B4A5E006451C7 /* Build configuration list for PBXNativeTarget "pauzrapp-tvOS" */ = {
			isa = XCConfigurationList;
			buildConfigurations = (
				2D02E4971E0B4A5E006451C7 /* Debug */,
				2D02E4981E0B4A5E006451C7 /* Release */,
			);
			defaultConfigurationIsVisible = 0;
			defaultConfigurationName = Release;
		};
		2D02E4BB1E0B4A5E006451C7 /* Build configuration list for PBXNativeTarget "pauzrapp-tvOSTests" */ = {
			isa = XCConfigurationList;
			buildConfigurations = (
				2D02E4991E0B4A5E006451C7 /* Debug */,
				2D02E49A1E0B4A5E006451C7 /* Release */,
			);
			defaultConfigurationIsVisible = 0;
			defaultConfigurationName = Release;
		};
		83CBB9FA1A601CBA00E9B192 /* Build configuration list for PBXProject "pauzrapp" */ = {
			isa = XCConfigurationList;
			buildConfigurations = (
				83CBBA201A601CBA00E9B192 /* Debug */,
				83CBBA211A601CBA00E9B192 /* Release */,
			);
			defaultConfigurationIsVisible = 0;
			defaultConfigurationName = Release;
		};
/* End XCConfigurationList section */
	};
	rootObject = 83CBB9F71A601CBA00E9B192 /* Project object */;
}
